cuelabs.dev/go/oci/ociregistry v0.0.0-20250722084951-074d06050084 h1:4k1yAtPvZJZQTu8DRY8muBo0LHv6TqtrE0AO5n6IPYs=
cuelabs.dev/go/oci/ociregistry v0.0.0-20250722084951-074d06050084/go.mod h1:4WWeZNxUO1vRoZWAHIG0KZOd6dA25ypyWuwD3ti0Tdc=
cuelang.org/go v0.15.4 h1:lrkTDhqy8dveHgX1ZLQ6WmgbhD8+rXa0fD25hxEKYhw=
cuelang.org/go v0.15.4/go.mod h1:NYw6n4akZcTjA7QQwJ1/gqWrrhsN4aZwhcAL0jv9rZE=
github.com/Azure/go-ansiterm v0.0.0-20230124172434-306776ec8161 h1:L/gRVlceqvL25UVaW/CKtUDjefjrs0SPonmDGUVOYP0=
github.com/Azure/go-ansiterm v0.0.0-20230124172434-306776ec8161/go.mod h1:xomTg63KZ2rFqZQzSB4Vz2SUXa1BpHTVz9L5PTmPC4E=
github.com/BurntSushi/toml v1.6.0 h1:dRaEfpa2VI55EwlIW72hMRHdWouJeRF7TPYhI+AUQjk=
github.com/BurntSushi/toml v1.6.0/go.mod h1:ukJfTF/6rtPPRCnwkur4qwRxa8vTRFBF0uk2lLoLwho=
github.com/MakeNowJust/heredoc v1.0.0 h1:cXCdzVdstXyiTqTvfqk9SDHpKNjxuom+DOlyEeQ4pzQ=
github.com/MakeNowJust/heredoc v1.0.0/go.mod h1:mG5amYoWBHf8vpLOuehzbGGw0EHxpZZ6lCpQ4fNJ8LE=
github.com/Masterminds/semver/v3 v3.5.0 h1:kQceYJfbupGfZOKZQg0kou0DgAKhzDg2NZPAwZ/2OOE=
github.com/Masterminds/semver/v3 v3.5.0/go.mod h1:4V+yj/TJE1HU9XfppCwVMZq3I84lprf4nC11bSS5beM=
github.com/alecthomas/template v0.0.0-20160405071501-a0175ee3bccc/go.mod h1:LOuyumcjzFXgccqObfd/Ljyb9UuFJ6TxHnclSeseNhc=
github.com/alecthomas/units v0.0.0-20151022065526-2efee857e7cf/go.mod h1:ybxpYRFXyAe+OPACYpWeL0wqObRcbAqCMya13uyzqw0=
github.com/alicebob/miniredis/v2 v2.35.0 h1:QwLphYqCEAo1eu1TqPRN2jgVMPBweeQcR21jeqDCONI=
github.com/alicebob/miniredis/v2 v2.35.0/go.mod h1:TcL7YfarKPGDAthEtl5NBeHZfeUQj6OXMm/+iu5cLMM=
github.com/beorn7/perks v0.0.0-20180321164747-3a771d992973/go.mod h1:Dwedo/Wpr24TaqPxmxbtue+5NUziq4I4S80YR8gNf3Q=
github.com/beorn7/perks v1.0.0/go.mod h1:KWe93zE9D1o94FZ5RNwFwVgaQK1VOXiVxmqh+CedLV8=
github.com/beorn7/perks v1.0.1 h1:VlbKKnNfV8bJzeqoa4cOKqO6bYr3WgKZxO8Z16+hsOM=
github.com/beorn7/perks v1.0.1/go.mod h1:G2ZrVWU2WbWT9wwq4/hrbKbnv/1ERSJQ0ibhJ6rlkpw=
github.com/blang/semver/v4 v4.0.0 h1:1PFHFE6yCCTv8C1TeyNNarDzntLi7wMI5i/pzqYIsAM=
github.com/blang/semver/v4 v4.0.0/go.mod h1:IbckMUScFkM3pff0VJDNKRiT6TG/YpiHIM2yvyW5YoQ=
github.com/briandowns/spinner v1.23.2 h1:Zc6ecUnI+YzLmJniCfDNaMbW0Wid1d5+qcTq4L2FW8w=
github.com/briandowns/spinner v1.23.2/go.mod h1:LaZeM4wm2Ywy6vO571mvhQNRcWfRUnXOs0RcKV0wYKM=
github.com/bshuster-repo/logrus-logstash-hook v1.1.0 h1:o2FzZifLg+z/DN1OFmzTWzZZx/roaqt8IPZCIVco8r4=
github.com/bshuster-repo/logrus-logstash-hook v1.1.0/go.mod h1:Q2aXOe7rNuPgbBtPCOzYyWDvKX7+FpxE5sRdvcPoui0=
github.com/bsm/ginkgo/v2 v2.7.0/go.mod h1:AiKlXPm7ItEHNc/2+OkrNG4E0ITzojb9/xWzvQ9XZ9w=
github.com/bsm/ginkgo/v2 v2.12.0 h1:Ny8MWAHyOepLGlLKYmXG4IEkioBysk6GpaRTLC8zwWs=
github.com/bsm/ginkgo/v2 v2.12.0/go.mod h1:SwYbGRRDovPVboqFv0tPTcG1sN61LM1Z4ARdbAV9g4c=
github.com/bsm/gomega v1.26.0/go.mod h1:JyEr/xRbxbtgWNi8tIEVPUYZ5Dzef52k01W3YH0H+O0=
github.com/bsm/gomega v1.27.10 h1:yeMWxP2pV2fG3FgAODIY8EiRE3dy0aeFYt4l7wh6yKA=
github.com/bsm/gomega v1.27.10/go.mod h1:JyEr/xRbxbtgWNi8tIEVPUYZ5Dzef52k01W3YH0H+O0=
github.com/cenkalti/backoff/v5 v5.0.3 h1:ZN+IMa753KfX5hd8vVaMixjnqRZ3y8CuJKRKj1xcsSM=
github.com/cenkalti/backoff/v5 v5.0.3/go.mod h1:rkhZdG3JZukswDf7f0cwqPNk4K0sa+F97BxZthm/crw=
github.com/cespare/xxhash/v2 v2.2.0/go.mod h1:VGX0DQ3Q6kWi7AoAeZDth3/j3BFtOZR5XLFGgcrjCOs=
github.com/cespare/xxhash/v2 v2.3.0 h1:UL815xU9SqsFlibzuggzjXhog7bL6oX9BbNZnL2UFvs=
github.com/cespare/xxhash/v2 v2.3.0/go.mod h1:VGX0DQ3Q6kWi7AoAeZDth3/j3BFtOZR5XLFGgcrjCOs=
github.com/chai2010/gettext-go v1.0.3 h1:9liNh8t+u26xl5ddmWLmsOsdNLwkdRTg5AG+JnTiM80=
github.com/chai2010/gettext-go v1.0.3/go.mod h1:y+wnP2cHYaVj19NZhYKAwEMH2CI1gNHeQQ+5AjwawxA=
github.com/cockroachdb/apd/v3 v3.2.1 h1:U+8j7t0axsIgvQUqthuNm82HIrYXodOV2iWLWtEaIwg=
github.com/cockroachdb/apd/v3 v3.2.1/go.mod h1:klXJcjp+FffLTHlhIG69tezTDvdP065naDsHzKhYSqc=
github.com/coreos/go-systemd/v22 v22.7.0 h1:LAEzFkke61DFROc7zNLX/WA2i5J8gYqe0rSj9KI28KA=
github.com/coreos/go-systemd/v22 v22.7.0/go.mod h1:xNUYtjHu2EDXbsxz1i41wouACIwT7Ybq9o0BQhMwD0w=
github.com/cpuguy83/go-md2man/v2 v2.0.6/go.mod h1:oOW0eioCTA6cOiMLiUPZOpcVxMig6NIQQ7OS05n1F4g=
github.com/cpuguy83/go-md2man/v2 v2.0.7 h1:zbFlGlXEAKlwXpmvle3d8Oe3YnkKIK4xSRTd3sHPnBo=
github.com/cpuguy83/go-md2man/v2 v2.0.7/go.mod h1:oOW0eioCTA6cOiMLiUPZOpcVxMig6NIQQ7OS05n1F4g=
github.com/creack/pty v1.1.18 h1:n56/Zwd5o6whRC5PMGretI4IdRLlmBXYNjScPaBgsbY=
github.com/creack/pty v1.1.18/go.mod h1:MOBLtS5ELjhRRrroQr9kyvTxUAFNvYEK993ew/Vr4O4=
github.com/cyphar/filepath-securejoin v0.6.1 h1:5CeZ1jPXEiYt3+Z6zqprSAgSWiggmpVyciv8syjIpVE=
github.com/cyphar/filepath-securejoin v0.6.1/go.mod h1:A8hd4EnAeyujCJRrICiOWqjS1AX0a9kM5XL+NwKoYSc=
github.com/davecgh/go-spew v1.1.0/go.mod h1:J7Y8YcW2NihsgmVo/mv3lAwl/skON4iLHjSsI+c5H38=
github.com/davecgh/go-spew v1.1.1/go.mod h1:J7Y8YcW2NihsgmVo/mv3lAwl/skON4iLHjSsI+c5H38=
github.com/davecgh/go-spew v1.1.2-0.20180830191138-d8f796af33cc h1:U9qPSI2PIWSS1VwoXQT9A3Wy9MM3WgvqSxFWenqJduM=
github.com/davecgh/go-spew v1.1.2-0.20180830191138-d8f796af33cc/go.mod h1:J7Y8YcW2NihsgmVo/mv3lAwl/skON4iLHjSsI+c5H38=
github.com/dgryski/go-rendezvous v0.0.0-20200823014737-9f7001d12a5f h1:lO4WD4F/rVNCu3HqELle0jiPLLBs70cWOduZpkS1E78=
github.com/dgryski/go-rendezvous v0.0.0-20200823014737-9f7001d12a5f/go.mod h1:cuUVRXasLTGF7a8hSLbxyZXjz+1KgoB3wDUb6vlszIc=
github.com/distribution/distribution/v3 v3.1.1 h1:KUbk7C8CfaLXy8kbf/hGq9cad/wCoLB6dbWH6DMbmX0=
github.com/distribution/distribution/v3 v3.1.1/go.mod h1:d7lXwZpph0bVcOj4Aqn0nMrWHIwRQGdiV5TLeI+/w6Y=
github.com/distribution/reference v0.6.0 h1:0IXCQ5g4/QMHHkarYzh5l+u8T3t73zM5QvfrDyIgxBk=
github.com/distribution/reference v0.6.0/go.mod h1:BbU0aIcezP1/5jX/8MP0YiH4SdvB5Y4f/wlDRiLyi3E=
github.com/docker/cli v29.5.3+incompatible h1:nbEFfz774vBwQ5KRYv7c/AghjReqnGISvrRhzjV0evs=
github.com/docker/cli v29.5.3+incompatible/go.mod h1:JLrzqnKDaYBop7H2jaqPtU4hHvMKP+vjCwu2uszcLI8=
github.com/docker/docker-credential-helpers v0.9.5 h1:EFNN8DHvaiK8zVqFA2DT6BjXE0GzfLOZ38ggPTKePkY=
github.com/docker/docker-credential-helpers v0.9.5/go.mod h1:v1S+hepowrQXITkEfw6o4+BMbGot02wiKpzWhGUZK6c=
github.com/docker/go-events v0.0.0-20250808211157-605354379745 h1:yOn6Ze6IbYI/KAw2lw/83ELYvZh6hvsygTVkD0dzMC4=
github.com/docker/go-events v0.0.0-20250808211157-605354379745/go.mod h1:Uw6UezgYA44ePAFQYUehOuCzmy5zmg/+nl2ZfMWGkpA=
github.com/docker/go-metrics v0.0.1 h1:AgB/0SvBxihN0X8OR4SjsblXkbMvalQ8cjmtKQ2rQV8=
github.com/docker/go-metrics v0.0.1/go.mod h1:cG1hvH2utMXtqgqqYE9plW6lDxS3/5ayHzueweSI3Vw=
github.com/emicklei/go-restful/v3 v3.13.0 h1:C4Bl2xDndpU6nJ4bc1jXd+uTmYPVUwkD6bFY/oTyCes=
github.com/emicklei/go-restful/v3 v3.13.0/go.mod h1:6n3XBCmQQb25CM2LCACGz8ukIrRry+4bhvbpWn3mrbc=
github.com/emicklei/proto v1.14.2 h1:wJPxPy2Xifja9cEMrcA/g08art5+7CGJNFNk35iXC1I=
github.com/emicklei/proto v1.14.2/go.mod h1:rn1FgRS/FANiZdD2djyH7TMA9jdRDcYQ9IEN9yvjX0A=
github.com/evanphx/json-patch v0.5.2 h1:xVCHIVMUu1wtM/VkR9jVZ45N3FhZfYMMYGorLCR8P3k=
github.com/evanphx/json-patch v0.5.2/go.mod h1:ZWS5hhDbVDyob71nXKNL0+PWn6ToqBHMikGIFbs31qQ=
github.com/evanphx/json-patch/v5 v5.9.11 h1:/8HVnzMq13/3x9TPvjG08wUGqBTmZBsCWzjTM0wiaDU=
github.com/evanphx/json-patch/v5 v5.9.11/go.mod h1:3j+LviiESTElxA4p3EMKAB9HXj3/XEtnUf6OZxqIQTM=
github.com/exponent-io/jsonpath v0.0.0-20210407135951-1de76d718b3f h1:Wl78ApPPB2Wvf/TIe2xdyJxTlb6obmF18d8QdkxNDu4=
github.com/exponent-io/jsonpath v0.0.0-20210407135951-1de76d718b3f/go.mod h1:OSYXu++VVOHnXeitef/D8n/6y4QV8uLHSFXX4NeXMGc=
github.com/fatih/color v1.19.0 h1:Zp3PiM21/9Ld6FzSKyL5c/BULoe/ONr9KlbYVOfG8+w=
github.com/fatih/color v1.19.0/go.mod h1:zNk67I0ZUT1bEGsSGyCZYZNrHuTkJJB+r6Q9VuMi0LE=
github.com/felixge/httpsnoop v1.0.4 h1:NFTV2Zj1bL4mc9sqWACXbQFVBBg2W3GPvqp8/ESS2Wg=
github.com/felixge/httpsnoop v1.0.4/go.mod h1:m8KPJKqk1gH5J9DgRY2ASl2lWCfGKXixSwevea8zH2U=
github.com/fluxcd/cli-utils v1.2.2 h1:adDOmwE+LSwTzmYUaoEFPblruOuaQEKAg1ZNTmPJObE=
github.com/fluxcd/cli-utils v1.2.2/go.mod h1:FsghNGY+3Sr70c0FOB7I5So0kzoYVdvQ8GTid3XXVWM=
github.com/fluxcd/pkg/sourceignore v0.18.0 h1:WU2tPKasG9AM7/H/LlqdjULyaSknnZBTrpHsDDtOuns=
github.com/fluxcd/pkg/sourceignore v0.18.0/go.mod h1:mnH7rFFlEbMTclhz7JZP7tiHssKdXRNpCqnly2JGvaI=
github.com/fluxcd/pkg/ssa v0.77.0 h1:HaDg7XDQGfVTFY379GrnnhrON1CQLjrLmyGbbTw5Ohc=
github.com/fluxcd/pkg/ssa v0.77.0/go.mod h1:bNImnO/GHtjjgp7BtGXVk181CoZbH9rEVEJfOwg1Xo8=
github.com/fluxcd/pkg/tar v1.2.0 h1:T6WFB5M0YRHktlrgdKNskqpdp76TVDdWTOeuWz33CFs=
github.com/fluxcd/pkg/tar v1.2.0/go.mod h1:Wlalp5vIVe+BbckkKkqExKcoHAeeWJPAzwK7ONeFcS0=
github.com/fsnotify/fsnotify v1.9.0 h1:2Ml+OJNzbYCTzsxtv8vKSFD9PbJjmhYF14k/jKC7S9k=
github.com/fsnotify/fsnotify v1.9.0/go.mod h1:8jBTzvmWwFyi3Pb8djgCCO5IBqzKJ/Jwo8TRcHyHii0=
github.com/fxamacker/cbor/v2 v2.9.0 h1:NpKPmjDBgUfBms6tr6JZkTHtfFGcMKsw3eGcmD/sapM=
github.com/fxamacker/cbor/v2 v2.9.0/go.mod h1:vM4b+DJCtHn+zz7h3FFp/hDAI9WNWCsZj23V5ytsSxQ=
github.com/getkin/kin-openapi v0.133.0 h1:pJdmNohVIJ97r4AUFtEXRXwESr8b0bD721u/Tz6k8PQ=
github.com/getkin/kin-openapi v0.133.0/go.mod h1:boAciF6cXk5FhPqe/NQeBTeenbjqU4LhWBf09ILVvWE=
github.com/go-errors/errors v1.5.1 h1:ZwEMSLRCapFLflTpT7NKaAc7ukJ8ZPEjzlxt8rPN8bk=
github.com/go-errors/errors v1.5.1/go.mod h1:sIVyrIiJhuEF+Pj9Ebtd6P/rEYROXFi3BopGUQ5a5Og=
github.com/go-kit/kit v0.8.0/go.mod h1:xBxKIO96dXMWWy0MnWVtmwkA9/13aqxPnvrjFYMA2as=
github.com/go-logfmt/logfmt v0.3.0/go.mod h1:Qt1PoO58o5twSAckw1HlFXLmHsOX5/0LbT9GBnD5lWE=
github.com/go-logfmt/logfmt v0.4.0/go.mod h1:3RMwSq7FuexP4Kalkev3ejPJsZTpXXBr9+V4qmtdjCk=
github.com/go-logr/logr v1.2.2/go.mod h1:jdQByPbusPIv2/zmleS9BjJVeZ6kBagPoEUsqbVz/1A=
github.com/go-logr/logr v1.4.3 h1:CjnDlHq8ikf6E492q6eKboGOC0T8CDaOvkHCIg8idEI=
github.com/go-logr/logr v1.4.3/go.mod h1:9T104GzyrTigFIr8wt5mBrctHMim0Nb2HLGrmQ40KvY=
github.com/go-logr/stdr v1.2.2 h1:hSWxHoqTgW2S2qGc0LTAI563KZ5YKYRhT3MFKZMbjag=
github.com/go-logr/stdr v1.2.2/go.mod h1:mMo/vtBO5dYbehREoey6XUKy/eSumjCCveDpRre4VKE=
github.com/go-logr/zapr v1.3.0 h1:XGdV8XW8zdwFiwOA2Dryh1gj2KRQyOOoNmBy4EplIcQ=
github.com/go-logr/zapr v1.3.0/go.mod h1:YKepepNBd1u/oyhd/yQmtjVXmm9uML4IXUgMOwR8/Gg=
github.com/go-logr/zerologr v1.2.3 h1:up5N9vcH9Xck3jJkXzgyOxozT14R47IyDODz8LM1KSs=
github.com/go-logr/zerologr v1.2.3/go.mod h1:BxwGo7y5zgSHYR1BjbnHPyF/5ZjVKfKxAZANVu6E8Ho=
github.com/go-openapi/jsonpointer v0.21.1 h1:whnzv/pNXtK2FbX/W9yJfRmE2gsmkfahjMKB0fZvcic=
github.com/go-openapi/jsonpointer v0.21.1/go.mod h1:50I1STOfbY1ycR8jGz8DaMeLCdXiI6aDteEdRNNzpdk=
github.com/go-openapi/jsonreference v0.21.0 h1:Rs+Y7hSXT83Jacb7kFyjn4ijOuVGSvOdF2+tg1TRrwQ=
github.com/go-openapi/jsonreference v0.21.0/go.mod h1:LmZmgsrTkVg9LG4EaHeY8cBDslNPMo06cago5JNLkm4=
github.com/go-openapi/swag v0.23.1 h1:lpsStH0n2ittzTnbaSloVZLuB5+fvSY/+hnagBjSNZU=
github.com/go-openapi/swag v0.23.1/go.mod h1:STZs8TbRvEQQKUA+JZNAm3EWlgaOBGpyFDqQnDHMef0=
github.com/go-quicktest/qt v1.101.0 h1:O1K29Txy5P2OK0dGo59b7b0LR6wKfIhttaAhHUyn7eI=
github.com/go-quicktest/qt v1.101.0/go.mod h1:14Bz/f7NwaXPtdYEgzsx46kqSxVwTbzVZsDC26tQJow=
github.com/go-stack/stack v1.8.0/go.mod h1:v0f6uXyyMGvRgIKkXu+yp6POWl0qKG85gN/melR3HDY=
github.com/go-task/slim-sprig/v3 v3.0.0 h1:sUs3vkvUymDpBKi3qH1YSqBQk9+9D/8M2mN1vB6EwHI=
github.com/go-task/slim-sprig/v3 v3.0.0/go.mod h1:W848ghGpv3Qj3dhTPRyJypKRiqCdHZiAzKg9hl15HA8=
github.com/go-test/deep v1.0.8 h1:TDsG77qcSprGbC6vTN8OuXp5g+J+b5Pcguhf7Zt61VM=
github.com/go-test/deep v1.0.8/go.mod h1:5C2ZWiW0ErCdrYzpqxLbTX7MG14M9iiw8DgHncVwcsE=
github.com/gogo/protobuf v1.1.1/go.mod h1:r8qH/GZQm5c6nD/R0oafs1akxWv10x8SbQlK7atdtwQ=
github.com/golang/protobuf v1.2.0/go.mod h1:6lQm79b+lXiMfvg/cZm0SGofjICqVBUtrP5yJMmIC1U=
github.com/golang/protobuf v1.3.1/go.mod h1:6lQm79b+lXiMfvg/cZm0SGofjICqVBUtrP5yJMmIC1U=
github.com/golang/protobuf v1.3.2/go.mod h1:6lQm79b+lXiMfvg/cZm0SGofjICqVBUtrP5yJMmIC1U=
github.com/golang/protobuf v1.5.4 h1:i7eJL8qZTpSEXOPTxNKhASYpMn+8e5Q6AdndVa1dWek=
github.com/golang/protobuf v1.5.4/go.mod h1:lnTiLA8Wa4RWRcIUkrtSVa5nRhsEGBg48fD6rSs7xps=
github.com/gonvenience/bunt v1.4.3 h1:MLd8YWu1Vl1tiL+XfXJvVA9kL71yQT0N+x7gXVH9H7w=
github.com/gonvenience/bunt v1.4.3/go.mod h1:ggA6odP6FNOh50mGxxytSSJTs2Ghy5Veq9wIVSbuoAw=
github.com/gonvenience/idem v0.0.3 h1:rZ2f17JU5GHa3b5M5R2fClz0dYN3EFGhHHGo3AZz/1U=
github.com/gonvenience/idem v0.0.3/go.mod h1:ChZ+RP8e30+uCBcCIzN/0di6lTO2PucjemgKfzQUQEw=
github.com/gonvenience/neat v1.3.17 h1:S/F0XNE4sc/b3APfLDqC9xM476Or55WhXZ7F/Sy07QY=
github.com/gonvenience/neat v1.3.17/go.mod h1:h+b8M0LFDZUKS5D4xaoPd2qTLrVpX+bDRlDJphOAS/s=
github.com/gonvenience/term v1.0.5 h1:PYfBH7FB1V+tuuJl4KYrqG/tzAOUnvTy8IFa9YqYrJY=
github.com/gonvenience/term v1.0.5/go.mod h1:CYvcU7H3nE6eOP0gvGfYz4BjGJzM1GeNp+fx4IBWKLs=
github.com/gonvenience/text v1.0.10 h1:QRqtC/KMk57K7y4jHi4HjLxf8u+tg+/tIRCS5afywNE=
github.com/gonvenience/text v1.0.10/go.mod h1:qO4aTZGAXbeW7eJXK+94nIc5Uumz8Q5DphOFZex6JHI=
github.com/gonvenience/ytbx v1.4.8 h1:V7oea89gLUN1C0rGDHxnt1YMAd7wHau9LC80Ng2QauA=
github.com/gonvenience/ytbx v1.4.8/go.mod h1:DVrIUZAiVv/bzOU3esvEvhGWED4YbyhSAuFru5nlzD4=
github.com/google/btree v1.1.3 h1:CVpQJjYgC4VbzxeGVHfvZrv1ctoYCAI8vbl07Fcxlyg=
github.com/google/btree v1.1.3/go.mod h1:qOPhT0dTNdNzV6Z/lhRX0YXUafgPLFUh+gZMl761Gm4=
github.com/google/gnostic-models v0.7.0 h1:qwTtogB15McXDaNqTZdzPJRHvaVJlAl+HVQnLmJEJxo=
github.com/google/gnostic-models v0.7.0/go.mod h1:whL5G0m6dmc5cPxKc5bdKdEN3UjI7OUGxBlw57miDrQ=
github.com/google/go-cmp v0.3.0/go.mod h1:8QqcDgzrUqlUb/G2PQTWiueGozuR1884gddMywk6iLU=
github.com/google/go-cmp v0.7.0 h1:wk8382ETsv4JYUZwIsn6YpYiWiBsYLSJiTsyBybVuN8=
github.com/google/go-cmp v0.7.0/go.mod h1:pXiqmnSA92OHEEa9HXL2W4E7lf9JzCmGVUdgjX3N/iU=
github.com/google/go-containerregistry v0.21.7 h1:/vPFuVXDjtFREsVArW+0h1CIl5urnOhzei4X2DMW9IU=
github.com/google/go-containerregistry v0.21.7/go.mod h1:kjSbt7/zMsKLWfnHrIvKvhXHUw91jbe9DNjPPJ32gXE=
github.com/google/gofuzz v1.0.0/go.mod h1:dBl0BpW6vV/+mYPU4Po3pmUjxk6FQPldtuIdl/M65Eg=
github.com/google/gofuzz v1.2.0 h1:xRy4A+RhZaiKjJ1bPfwQ8sedCA+YS2YcCHW6ec7JMi0=
github.com/google/gofuzz v1.2.0/go.mod h1:dBl0BpW6vV/+mYPU4Po3pmUjxk6FQPldtuIdl/M65Eg=
github.com/google/pprof v0.0.0-20260202012954-cb029daf43ef h1:xpF9fUHpoIrrjX24DURVKiwHcFpw19ndIs+FwTSMbno=
github.com/google/pprof v0.0.0-20260202012954-cb029daf43ef/go.mod h1:MxpfABSjhmINe3F1It9d+8exIHFvUqtLIRCdOGNXqiI=
github.com/google/uuid v1.6.0 h1:NIvaJDMOsjHA8n1jAhLSgzrAzy1Hgr+hNrb57e+94F0=
github.com/google/uuid v1.6.0/go.mod h1:TIyPZe4MgqvfeYDBFedMoGGpEw/LqOeaOT+nhxU+yHo=
github.com/gorilla/handlers v1.5.2 h1:cLTUSsNkgcwhgRqvCNmdbRWG0A3N4F+M2nWKdScwyEE=
github.com/gorilla/handlers v1.5.2/go.mod h1:dX+xVpaxdSw+q0Qek8SSsl3dfMk3jNddUkMzo0GtH0w=
github.com/gorilla/mux v1.8.1 h1:TuBL49tXwgrFYWhqrNgrUNEY92u81SPhu7sTdzQEiWY=
github.com/gorilla/mux v1.8.1/go.mod h1:AKf9I4AEqPTmMytcMc0KkNouC66V3BtZ4qD5fmWSiMQ=
github.com/grpc-ecosystem/grpc-gateway/v2 v2.28.0 h1:HWRh5R2+9EifMyIHV7ZV+MIZqgz+PMpZ14Jynv3O2Zs=
github.com/grpc-ecosystem/grpc-gateway/v2 v2.28.0/go.mod h1:JfhWUomR1baixubs02l85lZYYOm7LV6om4ceouMv45c=
github.com/hashicorp/go-cleanhttp v0.5.2 h1:035FKYIWjmULyFRBKPs8TBQoi0x6d9G4xc9neXJWAZQ=
github.com/hashicorp/go-cleanhttp v0.5.2/go.mod h1:kO/YDlP8L1346E6Sodw+PrpBSV4/SoxCXGY6BqNFT48=
github.com/hashicorp/golang-lru/arc/v2 v2.0.7 h1:QxkVTxwColcduO+LP7eJO56r2hFiG8zEbfAAzRv52KQ=
github.com/hashicorp/golang-lru/arc/v2 v2.0.7/go.mod h1:Pe7gBlGdc8clY5LJ0LpJXMt5AmgmWNH1g+oFFVUHOEc=
github.com/hashicorp/golang-lru/v2 v2.0.7 h1:a+bsQ5rvGLjzHuww6tVxozPZFVghXaHOwFs4luLUK2k=
github.com/hashicorp/golang-lru/v2 v2.0.7/go.mod h1:QeFd9opnmA6QUJc5vARoKUSoFhyfM2/ZepoAG6RGpeM=
github.com/homeport/dyff v1.10.5 h1:19PgFJoR4rseGUkUXcU8uaRCycHa1ziL7CgydmjZCzU=
github.com/homeport/dyff v1.10.5/go.mod h1:pB/DNp7qT6yv/9rUgB+aQzySAwos0EsQkBY9NbPtX18=
github.com/inconshreveable/mousetrap v1.1.0 h1:wN+x4NVGpMsO7ErUn/mUI3vEoE6Jt13X2s0bqwp9tc8=
github.com/inconshreveable/mousetrap v1.1.0/go.mod h1:vpF70FUmC8bwa3OWnCshd2FqLfsEA9PFc4w1p2J65bw=
github.com/josharian/intern v1.0.0 h1:vlS4z54oSdjm0bgjRigI+G1HpF+tI+9rE5LLzOg8HmY=
github.com/josharian/intern v1.0.0/go.mod h1:5DoeVV0s6jJacbCEi61lwdGj/aVlrQvzHFFd8Hwg//Y=
github.com/json-iterator/go v1.1.6/go.mod h1:+SdeFBvtyEkXs7REEP0seUULqWtbJapLOCVDaaPEHmU=
github.com/json-iterator/go v1.1.7/go.mod h1:KdQUCv79m/52Kvf8AW2vK1V8akMuk1QjK/uOdHXbAo4=
github.com/json-iterator/go v1.1.12 h1:PV8peI4a0ysnczrg+LtxykD8LfKY9ML6u2jnxaEnrnM=
github.com/json-iterator/go v1.1.12/go.mod h1:e30LSqwooZae/UwlEbR2852Gd8hjQvJoHmT4TnhNGBo=
github.com/julienschmidt/httprouter v1.2.0/go.mod h1:SYymIcj16QtmaHHD7aYtjjsJG7VTCxuUUipMqKk8s4w=
github.com/klauspost/compress v1.18.6 h1:2jupLlAwFm95+YDR+NwD2MEfFO9d4z4Prjl1XXDjuao=
github.com/klauspost/compress v1.18.6/go.mod h1:cwPg85FWrGar70rWktvGQj8/hthj3wpl0PGDogxkrSQ=
github.com/konsorten/go-windows-terminal-sequences v1.0.1/go.mod h1:T0+1ngSBFLxvqU3pZ+m/2kptfBszLMUkC4ZK/EgS/cQ=
github.com/kr/logfmt v0.0.0-20140226030751-b84e30acd515/go.mod h1:+0opPa2QZZtGFBFZlji/RkVcI2GknAs/DXo4wKdlNEc=
github.com/kr/pretty v0.1.0/go.mod h1:dAy3ld7l9f0ibDNOQOHHMYYIIbhfbHSm3C4ZsoJORNo=
github.com/kr/pretty v0.3.1 h1:flRD4NNwYAUpkphVc1HcthR4KEIFJ65n8Mw5qdRn3LE=
github.com/kr/pretty v0.3.1/go.mod h1:hoEshYVHaxMs3cyo3Yncou5ZscifuDolrwPKZanG3xk=
github.com/kr/pty v1.1.1/go.mod h1:pFQYn66WHrOpPYNljwOMqo10TkYh1fy3cYio2l3bCsQ=
github.com/kr/text v0.1.0/go.mod h1:4Jbv+DJW3UT/LiOwJeYQe1efqtUx/iVham/4vfdArNI=
github.com/kr/text v0.2.0 h1:5Nx0Ya0ZqY2ygV366QzturHI13Jq95ApcVaJBhpS+AY=
github.com/kr/text v0.2.0/go.mod h1:eLer722TekiGuMkidMxC/pM04lWEeraHUUmBw8l2grE=
github.com/kylelemons/godebug v1.1.0 h1:RPNrshWIDI6G2gRW9EHilWtl7Z6Sb1BR0xunSBf0SNc=
github.com/kylelemons/godebug v1.1.0/go.mod h1:9/0rRGxNHcop5bhtWyNeEfOS8JIWk580+fNqagV/RAw=
github.com/lib/pq v1.10.7 h1:p7ZhMD+KsSRozJr34udlUrhboJwWAgCg34+/ZZNvZZw=
github.com/lib/pq v1.10.7/go.mod h1:AlVN5x4E4T544tWzH6hKfbfQvm3HdbOxrmggDNAPY9o=
github.com/liggitt/tabwriter v0.0.0-20181228230101-89fcab3d43de h1:9TO3cAIGXtEhnIaL+V+BEER86oLrvS+kWobKpbJuye0=
github.com/liggitt/tabwriter v0.0.0-20181228230101-89fcab3d43de/go.mod h1:zAbeS9B/r2mtpb6U+EI2rYA5OAXxsYw6wTamcNW+zcE=
github.com/lucasb-eyer/go-colorful v1.3.0 h1:2/yBRLdWBZKrf7gB40FoiKfAWYQ0lqNcbuQwVHXptag=
github.com/lucasb-eyer/go-colorful v1.3.0/go.mod h1:R4dSotOR9KMtayYi1e77YzuveK+i7ruzyGqttikkLy0=
github.com/mailru/easyjson v0.9.0 h1:PrnmzHw7262yW8sTBwxi1PdJA3Iw/EKBa8psRf7d9a4=
github.com/mailru/easyjson v0.9.0/go.mod h1:1+xMtQp2MRNVL/V1bOzuP3aP8VNwRW55fQUto+XFtTU=
github.com/mattn/go-ciede2000 v0.0.0-20170301095244-782e8c62fec3 h1:BXxTozrOU8zgC5dkpn3J6NTRdoP+hjok/e+ACr4Hibk=
github.com/mattn/go-ciede2000 v0.0.0-20170301095244-782e8c62fec3/go.mod h1:x1uk6vxTiVuNt6S5R2UYgdhpj3oKojXvOXauHZ7dEnI=
github.com/mattn/go-colorable v0.1.14 h1:9A9LHSqF/7dyVVX6g0U9cwm9pG3kP9gSzcuIPHPsaIE=
github.com/mattn/go-colorable v0.1.14/go.mod h1:6LmQG8QLFO4G5z1gPvYEzlUgJ2wF+stgPZH1UqBm1s8=
github.com/mattn/go-isatty v0.0.20 h1:xfD0iDuEKnDkl03q4limB+vH+GxLEtL/jb4xVJSWWEY=
github.com/mattn/go-isatty v0.0.20/go.mod h1:W+V8PltTTMOvKvAeJH7IuucS94S2C6jfK/D7dTCTo3Y=
github.com/mattn/go-runewidth v0.0.9/go.mod h1:H031xJmbD/WCDINGzjvQ9THkh0rPKHF+m2gUSrubnMI=
github.com/mattn/go-runewidth v0.0.16 h1:E5ScNMtiwvlvB5paMFdw9p4kSQzbXFikJ5SQO6TULQc=
github.com/mattn/go-runewidth v0.0.16/go.mod h1:Jdepj2loyihRzMpdS35Xk/zdY8IAYHsh153qUoGf23w=
github.com/mattn/go-shellwords v1.0.13 h1:DC0OMEpGjm6LfNFU4ckYcvbQKyp2vE8atyFGXNtDcf4=
github.com/mattn/go-shellwords v1.0.13/go.mod h1:EZzvwXDESEeg03EKmM+RmDnNOPKG4lLtQsUlTZDWQ8Y=
github.com/matttproud/golang_protobuf_extensions v1.0.1/go.mod h1:D8He9yQNgCq6Z5Ld7szi9bcBfOoFv/3dc6xSMkL2PC0=
github.com/mitchellh/go-ps v1.0.0 h1:i6ampVEEF4wQFF+bkYfwYgY+F/uYJDktmvLPf7qIgjc=
github.com/mitchellh/go-ps v1.0.0/go.mod h1:J4lOc8z8yJs6vUwklHw2XEIiT4z4C40KtWVN3nvg8Pg=
github.com/mitchellh/go-wordwrap v1.0.1 h1:TLuKupo69TCn6TQSyGxwI1EblZZEsQ0vMlAFQflz0v0=
github.com/mitchellh/go-wordwrap v1.0.1/go.mod h1:R62XHJLzvMFRBbcrT7m7WgmE1eOyTSsCt+hzestvNj0=
github.com/mitchellh/hashstructure v1.1.0 h1:P6P1hdjqAAknpY/M1CGipelZgp+4y9ja9kmUZPXP+H0=
github.com/mitchellh/hashstructure v1.1.0/go.mod h1:xUDAozZz0Wmdiufv0uyhnHkUTN6/6d8ulp4AwfLKrmA=
github.com/moby/term v0.5.0 h1:xt8Q1nalod/v7BqbG21f8mQPqH+xAaC9C3N3wfWbVP0=
github.com/moby/term v0.5.0/go.mod h1:8FzsFHVUBGZdbDsJw/ot+X+d5HLUbvklYLJ9uGfcI3Y=
github.com/modern-go/concurrent v0.0.0-20180228061459-e0a39a4cb421/go.mod h1:6dJC0mAP4ikYIbvyc7fijjWJddQyLn8Ig3JB5CqoB9Q=
github.com/modern-go/concurrent v0.0.0-20180306012644-bacd9c7ef1dd h1:TRLaZ9cD/w8PVh93nsPXa1VrQ6jlwL5oN8l14QlcNfg=
github.com/modern-go/concurrent v0.0.0-20180306012644-bacd9c7ef1dd/go.mod h1:6dJC0mAP4ikYIbvyc7fijjWJddQyLn8Ig3JB5CqoB9Q=
github.com/modern-go/reflect2 v0.0.0-20180701023420-4b7aa43c6742/go.mod h1:bx2lNnkwVCuqBIxFjflWJWanXIb3RllmbCylyMrvgv0=
github.com/modern-go/reflect2 v1.0.1/go.mod h1:bx2lNnkwVCuqBIxFjflWJWanXIb3RllmbCylyMrvgv0=
github.com/modern-go/reflect2 v1.0.2/go.mod h1:yWuevngMOJpCy52FWWMvUC8ws7m/LJsjYzDa0/r8luk=
github.com/modern-go/reflect2 v1.0.3-0.20250322232337-35a7c28c31ee h1:W5t00kpgFdJifH4BDsTlE89Zl93FEloxaWZfGcifgq8=
github.com/modern-go/reflect2 v1.0.3-0.20250322232337-35a7c28c31ee/go.mod h1:yWuevngMOJpCy52FWWMvUC8ws7m/LJsjYzDa0/r8luk=
github.com/mohae/deepcopy v0.0.0-20170929034955-c48cc78d4826 h1:RWengNIwukTxcDr9M+97sNutRR1RKhG96O6jWumTTnw=
github.com/mohae/deepcopy v0.0.0-20170929034955-c48cc78d4826/go.mod h1:TaXosZuwdSHYgviHp1DAtfrULt5eUgsSMsZf+YrPgl8=
github.com/monochromegane/go-gitignore v0.0.0-20200626010858-205db1a8cc00 h1:n6/2gBQ3RWajuToeY6ZtZTIKv2v7ThUy5KKusIT0yc0=
github.com/monochromegane/go-gitignore v0.0.0-20200626010858-205db1a8cc00/go.mod h1:Pm3mSP3c5uWn86xMLZ5Sa7JB9GsEZySvHYXCTK4E9q4=
github.com/munnerz/goautoneg v0.0.0-20191010083416-a7dc8b61c822 h1:C3w9PqII01/Oq1c1nUAm88MOHcQC9l5mIlSMApZMrHA=
github.com/munnerz/goautoneg v0.0.0-20191010083416-a7dc8b61c822/go.mod h1:+n7T8mK8HuQTcFwEeznm/DIxMOiR9yIdICNftLE1DvQ=
github.com/mwitkow/go-conntrack v0.0.0-20161129095857-cc309e4a2223/go.mod h1:qRWi+5nqEBWmkhHvq77mSJWrCKwh8bxhgT7d/eI7P4U=
github.com/oasdiff/yaml v0.0.0-20250309154309-f31be36b4037 h1:G7ERwszslrBzRxj//JalHPu/3yz+De2J+4aLtSRlHiY=
github.com/oasdiff/yaml v0.0.0-20250309154309-f31be36b4037/go.mod h1:2bpvgLBZEtENV5scfDFEtB/5+1M4hkQhDQrccEJ/qGw=
github.com/oasdiff/yaml3 v0.0.0-20250309153720-d2182401db90 h1:bQx3WeLcUWy+RletIKwUIt4x3t8n2SxavmoclizMb8c=
github.com/oasdiff/yaml3 v0.0.0-20250309153720-d2182401db90/go.mod h1:y5+oSEHCPT/DGrS++Wc/479ERge0zTFxaF8PbGKcg2o=
github.com/olekukonko/tablewriter v0.0.5 h1:P2Ga83D34wi1o9J6Wh1mRuqd4mF/x/lgBS7N7AbDhec=
github.com/olekukonko/tablewriter v0.0.5/go.mod h1:hPp6KlRPjbx+hW8ykQs1w3UBbZlj6HuIJcUGPhkA7kY=
github.com/onsi/ginkgo/v2 v2.28.1 h1:S4hj+HbZp40fNKuLUQOYLDgZLwNUVn19N3Atb98NCyI=
github.com/onsi/ginkgo/v2 v2.28.1/go.mod h1:CLtbVInNckU3/+gC8LzkGUb9oF+e8W8TdUsxPwvdOgE=
github.com/onsi/gomega v1.42.1 h1:iN1rCUX+44NZ1Dc97MPoeFYbFR0vh8zxoxMFwKdyZ6I=
github.com/onsi/gomega v1.42.1/go.mod h1:REff/hsDsodHoKlWsP2mAPhu1+5/6hVYNf9rIEBpeSg=
github.com/opencontainers/go-digest v1.0.0 h1:apOUWs51W5PlhuyGyz9FCeeBIOUDA/6nW8Oi/yOhh5U=
github.com/opencontainers/go-digest v1.0.0/go.mod h1:0JzlMkj0TRzQZfJkVvzbP0HBR3IKzErnv2BNG4W4MAM=
github.com/opencontainers/image-spec v1.1.1 h1:y0fUlFfIZhPF1W537XOLg0/fcx6zcHCJwooC2xJA040=
github.com/opencontainers/image-spec v1.1.1/go.mod h1:qpqAh3Dmcf36wStyyWU+kCeDgrGnAve2nCC8+7h8Q0M=
github.com/otiai10/copy v1.14.1 h1:5/7E6qsUMBaH5AnQ0sSLzzTg1oTECmcCmT6lvF45Na8=
github.com/otiai10/copy v1.14.1/go.mod h1:oQwrEDDOci3IM8dJF0d8+jnbfPDllW6vUjNc3DoZm9I=
github.com/otiai10/mint v1.6.3 h1:87qsV/aw1F5as1eH1zS/yqHY85ANKVMgkDrf9rcxbQs=
github.com/otiai10/mint v1.6.3/go.mod h1:MJm72SBthJjz8qhefc4z1PYEieWmy8Bku7CjcAqyUSM=
github.com/pelletier/go-toml/v2 v2.2.4 h1:mye9XuhQ6gvn5h28+VilKrrPoQVanw5PMw/TB0t5Ec4=
github.com/pelletier/go-toml/v2 v2.2.4/go.mod h1:2gIqNv+qfxSVS7cM2xJQKtLSTLUE9V8t9Stt+h56mCY=
github.com/perimeterx/marshmallow v1.1.5 h1:a2LALqQ1BlHM8PZblsDdidgv1mWi1DgC2UmX50IvK2s=
github.com/perimeterx/marshmallow v1.1.5/go.mod h1:dsXbUu8CRzfYP5a87xpp0xq9S3u0Vchtcl8we9tYaXw=
github.com/peterbourgon/diskv v2.0.1+incompatible h1:UBdAOUP5p4RWqPBg048CAvpKN+vxiaj6gdUUzhl4XmI=
github.com/peterbourgon/diskv v2.0.1+incompatible/go.mod h1:uqqh8zWWbv1HBMNONnaR/tNboyR3/BZd58JJSHlUSCU=
github.com/phayes/freeport v0.0.0-20220201140144-74d24b5ae9f5 h1:Ii+DKncOVM8Cu1Hc+ETb5K+23HdAMvESYE3ZJ5b5cMI=
github.com/phayes/freeport v0.0.0-20220201140144-74d24b5ae9f5/go.mod h1:iIss55rKnNBTvrwdmkUpLnDpZoAHvWaiq5+iMmen4AE=
github.com/pkg/errors v0.8.0/go.mod h1:bwawxfHBFNV+L2hUp1rHADufV3IMtnDRdf1r5NINEl0=
github.com/pkg/errors v0.9.1 h1:FEBLx1zS214owpjy7qsBeixbURkuhQAwrK5UwLGTwt4=
github.com/pkg/errors v0.9.1/go.mod h1:bwawxfHBFNV+L2hUp1rHADufV3IMtnDRdf1r5NINEl0=
github.com/pmezard/go-difflib v1.0.0/go.mod h1:iKH77koFhYxTK1pcRnkKkqfTogsbg7gZNVY4sRDYZ/4=
github.com/pmezard/go-difflib v1.0.1-0.20181226105442-5d4384ee4fb2 h1:Jamvg5psRIccs7FGNTlIRMkT8wgtp5eCXdBlqhYGL6U=
github.com/pmezard/go-difflib v1.0.1-0.20181226105442-5d4384ee4fb2/go.mod h1:iKH77koFhYxTK1pcRnkKkqfTogsbg7gZNVY4sRDYZ/4=
github.com/prometheus/client_golang v0.9.1/go.mod h1:7SWBe2y4D6OKWSNQJUaRYU/AaXPKyh/dDVn+NZz0KFw=
github.com/prometheus/client_golang v1.0.0/go.mod h1:db9x61etRT2tGnBNRi70OPL5FsnadC4Ky3P0J6CfImo=
github.com/prometheus/client_golang v1.1.0/go.mod h1:I1FGZT9+L76gKKOs5djB6ezCbFQP1xR9D75/vuwEF3g=
github.com/prometheus/client_golang v1.23.2 h1:Je96obch5RDVy3FDMndoUsjAhG5Edi49h0RJWRi/o0o=
github.com/prometheus/client_golang v1.23.2/go.mod h1:Tb1a6LWHB3/SPIzCoaDXI4I8UHKeFTEQ1YCr+0Gyqmg=
github.com/prometheus/client_model v0.0.0-20180712105110-5c3871d89910/go.mod h1:MbSGuTsp3dbXC40dX6PRTWyKYBIrTGTE9sqQNg2J8bo=
github.com/prometheus/client_model v0.0.0-20190129233127-fd36f4220a90/go.mod h1:xMI15A0UPsDsEKsMN9yxemIoYk6Tm2C1GtYGdfGttqA=
github.com/prometheus/client_model v0.6.2 h1:oBsgwpGs7iVziMvrGhE53c/GrLUsZdHnqNwqPLxwZyk=
github.com/prometheus/client_model v0.6.2/go.mod h1:y3m2F6Gdpfy6Ut/GBsUqTWZqCUvMVzSfMLjcu6wAwpE=
github.com/prometheus/common v0.4.1/go.mod h1:TNfzLD0ON7rHzMJeJkieUDPYmFC7Snx/y86RQel1bk4=
github.com/prometheus/common v0.6.0/go.mod h1:eBmuwkDJBwy6iBfxCBob6t6dR6ENT/y+J+Zk0j9GMYc=
github.com/prometheus/common v0.67.5 h1:pIgK94WWlQt1WLwAC5j2ynLaBRDiinoAb86HZHTUGI4=
github.com/prometheus/common v0.67.5/go.mod h1:SjE/0MzDEEAyrdr5Gqc6G+sXI67maCxzaT3A2+HqjUw=
github.com/prometheus/otlptranslator v1.0.0 h1:s0LJW/iN9dkIH+EnhiD3BlkkP5QVIUVEoIwkU+A6qos=
github.com/prometheus/otlptranslator v1.0.0/go.mod h1:vRYWnXvI6aWGpsdY/mOT/cbeVRBlPWtBNDb7kGR3uKM=
github.com/prometheus/procfs v0.0.0-20181005140218-185b4288413d/go.mod h1:c3At6R/oaqEKCNdg8wHV1ftS6bRYblBhIjjI8uT2IGk=
github.com/prometheus/procfs v0.0.2/go.mod h1:TjEm7ze935MbeOT/UhFTIMYKhuLP4wbCsTZCD3I8kEA=
github.com/prometheus/procfs v0.0.3/go.mod h1:4A/X28fw3Fc593LaREMrKMqOKvUAntwMDaekg4FpcdQ=
github.com/prometheus/procfs v0.20.1 h1:XwbrGOIplXW/AU3YhIhLODXMJYyC1isLFfYCsTEycfc=
github.com/prometheus/procfs v0.20.1/go.mod h1:o9EMBZGRyvDrSPH1RqdxhojkuXstoe4UlK79eF5TGGo=
github.com/protocolbuffers/txtpbfmt v0.0.0-20251016062345-16587c79cd91 h1:s1LvMaU6mVwoFtbxv/rCZKE7/fwDmDY684FfUe4c1Io=
github.com/protocolbuffers/txtpbfmt v0.0.0-20251016062345-16587c79cd91/go.mod h1:JSbkp0BviKovYYt9XunS95M3mLPibE9bGg+Y95DsEEY=
github.com/redis/go-redis/extra/rediscmd/v9 v9.0.5 h1:EaDatTxkdHG+U3Bk4EUr+DZ7fOGwTfezUiUJMaIcaho=
github.com/redis/go-redis/extra/rediscmd/v9 v9.0.5/go.mod h1:fyalQWdtzDBECAQFBJuQe5bzQ02jGd5Qcbgb97Flm7U=
github.com/redis/go-redis/extra/redisotel/v9 v9.0.5 h1:EfpWLLCyXw8PSM2/XNJLjI3Pb27yVE+gIAfeqp8LUCc=
github.com/redis/go-redis/extra/redisotel/v9 v9.0.5/go.mod h1:WZjPDy7VNzn77AAfnAfVjZNvfJTYfPetfZk5yoSTLaQ=
github.com/redis/go-redis/v9 v9.0.5/go.mod h1:WqMKv5vnQbRuZstUwxQI195wHy+t4PuXDOjzMvcuQHk=
github.com/redis/go-redis/v9 v9.7.3 h1:YpPyAayJV+XErNsatSElgRZZVCwXX9QzkKYNvO7x0wM=
github.com/redis/go-redis/v9 v9.7.3/go.mod h1:bGUrSggJ9X9GUmZpZNEOQKaANxSGgOEBRltRTZHSvrA=
github.com/rivo/uniseg v0.2.0/go.mod h1:J6wj4VEh+S6ZtnVlnTBMWIodfgj8LQOQFoIToxlJtxc=
github.com/rivo/uniseg v0.4.7 h1:WUdvkW8uEhrYfLC4ZzdpI2ztxP1I582+49Oc5Mq64VQ=
github.com/rivo/uniseg v0.4.7/go.mod h1:FN3SvrM+Zdj16jyLfmOkMNblXMcoc8DfTHruCPUcx88=
github.com/rogpeppe/go-internal v1.14.1 h1:UQB4HGPB6osV0SQTLymcB4TgvyWu6ZyliaW0tI/otEQ=
github.com/rogpeppe/go-internal v1.14.1/go.mod h1:MaRKkUm5W0goXpeCfT7UZI6fk/L7L7so1lCWt35ZSgc=
github.com/rs/zerolog v1.35.1 h1:m7xQeoiLIiV0BCEY4Hs+j2NG4Gp2o2KPKmhnnLiazKI=
github.com/rs/zerolog v1.35.1/go.mod h1:EjML9kdfa/RMA7h/6z6pYmq1ykOuA8/mjWaEvGI+jcw=
github.com/russross/blackfriday/v2 v2.1.0 h1:JIOH55/0cWyOuilr9/qlrm0BSXldqnqwMsf35Ld67mk=
github.com/russross/blackfriday/v2 v2.1.0/go.mod h1:+Rmxgy9KzJVeS9/2gXHxylqXiyQDYRxCVz55jmeOWTM=
github.com/sergi/go-diff v1.4.0 h1:n/SP9D5ad1fORl+llWyN+D6qoUETXNZARKjyY2/KVCw=
github.com/sergi/go-diff v1.4.0/go.mod h1:A0bzQcvG0E7Rwjx0REVgAGH58e96+X0MeOfepqsbeW4=
github.com/sirupsen/logrus v1.2.0/go.mod h1:LxeOpSwHxABJmUn/MG1IvRgCAasNZTLOkJPxbbu5VWo=
github.com/sirupsen/logrus v1.8.1/go.mod h1:yWOB1SBYBC5VeMP7gHvWumXLIWorT60ONWic61uBYv0=
github.com/sirupsen/logrus v1.9.4 h1:TsZE7l11zFCLZnZ+teH4Umoq5BhEIfIzfRDZ1Uzql2w=
github.com/sirupsen/logrus v1.9.4/go.mod h1:ftWc9WdOfJ0a92nsE2jF5u5ZwH8Bv2zdeOC42RjbV2g=
github.com/spf13/cobra v1.10.2 h1:DMTTonx5m65Ic0GOoRY2c16WCbHxOOw6xxezuLaBpcU=
github.com/spf13/cobra v1.10.2/go.mod h1:7C1pvHqHw5A4vrJfjNwvOdzYu0Gml16OCs2GRiTUUS4=
github.com/spf13/pflag v1.0.9/go.mod h1:McXfInJRrz4CZXVZOBLb0bTZqETkiAhM9Iw0y3An2Bg=
github.com/spf13/pflag v1.0.10 h1:4EBh2KAYBwaONj6b2Ye1GiHfwjqyROoF4RwYO+vPwFk=
github.com/spf13/pflag v1.0.10/go.mod h1:McXfInJRrz4CZXVZOBLb0bTZqETkiAhM9Iw0y3An2Bg=
github.com/stretchr/objx v0.1.0/go.mod h1:HFkY916IF+rwdDfMAkV7OtwuqBVzrE8GR6GFx+wExME=
github.com/stretchr/objx v0.1.1/go.mod h1:HFkY916IF+rwdDfMAkV7OtwuqBVzrE8GR6GFx+wExME=
github.com/stretchr/objx v0.5.2 h1:xuMeJ0Sdp5ZMRXx/aWO6RZxdr3beISkG5/G/aIRr3pY=
github.com/stretchr/objx v0.5.2/go.mod h1:FRsXN1f5AsAjCGJKqEizvkpNtU+EGNCLh3NxZ/8L+MA=
github.com/stretchr/testify v1.2.2/go.mod h1:a8OnRcib4nhh0OaRAV+Yts87kKdq0PP7pXfy6kDkUVs=
github.com/stretchr/testify v1.3.0/go.mod h1:M5WIy9Dh21IEIfnGCwXGc5bZfKNJtfHm1UVUgZn+9EI=
github.com/stretchr/testify v1.4.0/go.mod h1:j7eGeouHqKxXV5pUuKE4zz7dFj8WfuZ+81PSLYec5m4=
github.com/stretchr/testify v1.6.1/go.mod h1:6Fq8oRcR53rry900zMqJjRRixrwX3KX962/h/Wwjteg=
github.com/stretchr/testify v1.7.0/go.mod h1:6Fq8oRcR53rry900zMqJjRRixrwX3KX962/h/Wwjteg=
github.com/stretchr/testify v1.11.1 h1:7s2iGBzp5EwR7/aIZr8ao5+dra3wiQyKjjFuvgVKu7U=
github.com/stretchr/testify v1.11.1/go.mod h1:wZwfW3scLgRK+23gO65QZefKpKQRnfz6sD981Nm4B6U=
github.com/texttheater/golang-levenshtein v1.0.1 h1:+cRNoVrfiwufQPhoMzB6N0Yf/Mqajr6t1lOv8GyGE2U=
github.com/texttheater/golang-levenshtein v1.0.1/go.mod h1:PYAKrbF5sAiq9wd+H82hs7gNaen0CplQ9uvm6+enD/8=
github.com/tidwall/gjson v1.14.2/go.mod h1:/wbyibRr2FHMks5tjHJ5F8dMZh3AcwJEMf5vlfC0lxk=
github.com/tidwall/gjson v1.18.0 h1:FIDeeyB800efLX89e5a8Y0BNH+LOngJyGrIWxG2FKQY=
github.com/tidwall/gjson v1.18.0/go.mod h1:/wbyibRr2FHMks5tjHJ5F8dMZh3AcwJEMf5vlfC0lxk=
github.com/tidwall/match v1.1.1 h1:+Ho715JplO36QYgwN9PGYNhgZvoUSc9X2c80KVTi+GA=
github.com/tidwall/match v1.1.1/go.mod h1:eRSPERbgtNPcGhD8UCthc6PmLEQXEWd3PRB5JTxsfmM=
github.com/tidwall/pretty v1.2.0/go.mod h1:ITEVvHYasfjBbM0u2Pg8T2nJnzm8xPwvNhhsoaGGjNU=
github.com/tidwall/pretty v1.2.1 h1:qjsOFOWWQl+N3RsoF5/ssm1pHmJJwhjlSbZ51I6wMl4=
github.com/tidwall/pretty v1.2.1/go.mod h1:ITEVvHYasfjBbM0u2Pg8T2nJnzm8xPwvNhhsoaGGjNU=
github.com/tidwall/sjson v1.2.5 h1:kLy8mja+1c9jlljvWTlSazM7cKDRfJuR/bOJhcY5NcY=
github.com/tidwall/sjson v1.2.5/go.mod h1:Fvgq9kS/6ociJEDnK0Fk1cpYF4FIW6ZF7LAe+6jwd28=
github.com/ugorji/go/codec v1.2.7 h1:YPXUKf7fYbp/y8xloBqZOw2qaVggbfwMlI8WM3wZUJ0=
github.com/ugorji/go/codec v1.2.7/go.mod h1:WGN1fab3R1fzQlVQTkfxVtIBhWDRqOviHU95kRgeqEY=
github.com/virtuald/go-ordered-json v0.0.0-20170621173500-b18e6e673d74 h1:JwtAtbp7r/7QSyGz8mKUbYJBg2+6Cd7OjM8o/GNOcVo=
github.com/virtuald/go-ordered-json v0.0.0-20170621173500-b18e6e673d74/go.mod h1:RmMWU37GKR2s6pgrIEB4ixgpVCt/cf7dnJv3fuH1J1c=
github.com/wI2L/jsondiff v0.6.1 h1:ISZb9oNWbP64LHnu4AUhsMF5W0FIj5Ok3Krip9Shqpw=
github.com/wI2L/jsondiff v0.6.1/go.mod h1:KAEIojdQq66oJiHhDyQez2x+sRit0vIzC9KeK0yizxM=
github.com/woodsbury/decimal128 v1.3.0 h1:8pffMNWIlC0O5vbyHWFZAt5yWvWcrHA+3ovIIjVWss0=
github.com/woodsbury/decimal128 v1.3.0/go.mod h1:C5UTmyTjW3JftjUFzOVhC20BEQa2a4ZKOB5I6Zjb+ds=
github.com/x448/float16 v0.8.4 h1:qLwI1I70+NjRFUR3zs1JPUCgaCXSh3SW62uAKT1mSBM=
github.com/x448/float16 v0.8.4/go.mod h1:14CWIYCyZA/cWjXOioeEpHeN/83MdbZDRQHoFcYsOfg=
github.com/xlab/treeprint v1.2.0 h1:HzHnuAF1plUN2zGlAFHbSQP2qJ0ZAD3XF5XD7OesXRQ=
github.com/xlab/treeprint v1.2.0/go.mod h1:gj5Gd3gPdKtR1ikdDK6fnFLdmIS0X30kTTuNd/WEJu0=
github.com/yuin/gopher-lua v1.1.1 h1:kYKnWBjvbNP4XLT3+bPEwAXJx262OhaHDWDVOPjL46M=
github.com/yuin/gopher-lua v1.1.1/go.mod h1:GBR0iDaNXjAgGg9zfCvksxSRnQx76gclCIb7kdAd1Pw=
go.opentelemetry.io/auto/sdk v1.2.1 h1:jXsnJ4Lmnqd11kwkBV2LgLoFMZKizbCi5fNZ/ipaZ64=
go.opentelemetry.io/auto/sdk v1.2.1/go.mod h1:KRTj+aOaElaLi+wW1kO/DZRXwkF4C5xPbEe3ZiIhN7Y=
go.opentelemetry.io/contrib/bridges/prometheus v0.67.0 h1:dkBzNEAIKADEaFnuESzcXvpd09vxvDZsOjx11gjUqLk=
go.opentelemetry.io/contrib/bridges/prometheus v0.67.0/go.mod h1:Z5RIwRkZgauOIfnG5IpidvLpERjhTninpP1dTG2jTl4=
go.opentelemetry.io/contrib/exporters/autoexport v0.67.0 h1:4fnRcNpc6YFtG3zsFw9achKn3XgmxPxuMuqIL5rE8e8=
go.opentelemetry.io/contrib/exporters/autoexport v0.67.0/go.mod h1:qTvIHMFKoxW7HXg02gm6/Wofhq5p3Ib/A/NNt1EoBSQ=
go.opentelemetry.io/contrib/instrumentation/net/http/otelhttp v0.67.0 h1:OyrsyzuttWTSur2qN/Lm0m2a8yqyIjUVBZcxFPuXq2o=
go.opentelemetry.io/contrib/instrumentation/net/http/otelhttp v0.67.0/go.mod h1:C2NGBr+kAB4bk3xtMXfZ94gqFDtg/GkI7e9zqGh5Beg=
go.opentelemetry.io/otel v1.43.0 h1:mYIM03dnh5zfN7HautFE4ieIig9amkNANT+xcVxAj9I=
go.opentelemetry.io/otel v1.43.0/go.mod h1:JuG+u74mvjvcm8vj8pI5XiHy1zDeoCS2LB1spIq7Ay0=
go.opentelemetry.io/otel/exporters/otlp/otlplog/otlploggrpc v0.18.0 h1:deI9UQMoGFgrg5iLPgzueqFPHevDl+28YKfSpPTI6rY=
go.opentelemetry.io/otel/exporters/otlp/otlplog/otlploggrpc v0.18.0/go.mod h1:PFx9NgpNUKXdf7J4Q3agRxMs3Y07QhTCVipKmLsMKnU=
go.opentelemetry.io/otel/exporters/otlp/otlplog/otlploghttp v0.19.0 h1:HIBTQ3VO5aupLKjC90JgMqpezVXwFuq6Ryjn0/izoag=
go.opentelemetry.io/otel/exporters/otlp/otlplog/otlploghttp v0.19.0/go.mod h1:ji9vId85hMxqfvICA0Jt8JqEdrXaAkcpkI9HPXya0ro=
go.opentelemetry.io/otel/exporters/otlp/otlpmetric/otlpmetricgrpc v1.42.0 h1:MdKucPl/HbzckWWEisiNqMPhRrAOQX8r4jTuGr636gk=
go.opentelemetry.io/otel/exporters/otlp/otlpmetric/otlpmetricgrpc v1.42.0/go.mod h1:RolT8tWtfHcjajEH5wFIZ4Dgh5jpPdFXYV9pTAk/qjc=
go.opentelemetry.io/otel/exporters/otlp/otlpmetric/otlpmetrichttp v1.43.0 h1:w1K+pCJoPpQifuVpsKamUdn9U0zM3xUziVOqsGksUrY=
go.opentelemetry.io/otel/exporters/otlp/otlpmetric/otlpmetrichttp v1.43.0/go.mod h1:HBy4BjzgVE8139ieRI75oXm3EcDN+6GhD88JT1Kjvxg=
go.opentelemetry.io/otel/exporters/otlp/otlptrace v1.43.0 h1:88Y4s2C8oTui1LGM6bTWkw0ICGcOLCAI5l6zsD1j20k=
go.opentelemetry.io/otel/exporters/otlp/otlptrace v1.43.0/go.mod h1:Vl1/iaggsuRlrHf/hfPJPvVag77kKyvrLeD10kpMl+A=
go.opentelemetry.io/otel/exporters/otlp/otlptrace/otlptracegrpc v1.42.0 h1:zWWrB1U6nqhS/k6zYB74CjRpuiitRtLLi68VcgmOEto=
go.opentelemetry.io/otel/exporters/otlp/otlptrace/otlptracegrpc v1.42.0/go.mod h1:2qXPNBX1OVRC0IwOnfo1ljoid+RD0QK3443EaqVlsOU=
go.opentelemetry.io/otel/exporters/otlp/otlptrace/otlptracehttp v1.43.0 h1:3iZJKlCZufyRzPzlQhUIWVmfltrXuGyfjREgGP3UUjc=
go.opentelemetry.io/otel/exporters/otlp/otlptrace/otlptracehttp v1.43.0/go.mod h1:/G+nUPfhq2e+qiXMGxMwumDrP5jtzU+mWN7/sjT2rak=
go.opentelemetry.io/otel/exporters/prometheus v0.64.0 h1:g0LRDXMX/G1SEZtK8zl8Chm4K6GBwRkjPKE36LxiTYs=
go.opentelemetry.io/otel/exporters/prometheus v0.64.0/go.mod h1:UrgcjnarfdlBDP3GjDIJWe6HTprwSazNjwsI+Ru6hro=
go.opentelemetry.io/otel/exporters/stdout/stdoutlog v0.18.0 h1:KJVjPD3rcPb98rIs3HznyJlrfx9ge5oJvxxlGR+P/7s=
go.opentelemetry.io/otel/exporters/stdout/stdoutlog v0.18.0/go.mod h1:K3kRa2ckmHWQaTWQdPRHc7qGXASuVuoEQXzrvlA98Ws=
go.opentelemetry.io/otel/exporters/stdout/stdoutmetric v1.42.0 h1:lSZHgNHfbmQTPfuTmWVkEu8J8qXaQwuV30pjCcAUvP8=
go.opentelemetry.io/otel/exporters/stdout/stdoutmetric v1.42.0/go.mod h1:so9ounLcuoRDu033MW/E0AD4hhUjVqswrMF5FoZlBcw=
go.opentelemetry.io/otel/exporters/stdout/stdouttrace v1.42.0 h1:s/1iRkCKDfhlh1JF26knRneorus8aOwVIDhvYx9WoDw=
go.opentelemetry.io/otel/exporters/stdout/stdouttrace v1.42.0/go.mod h1:UI3wi0FXg1Pofb8ZBiBLhtMzgoTm1TYkMvn71fAqDzs=
go.opentelemetry.io/otel/log v0.19.0 h1:KUZs/GOsw79TBBMfDWsXS+KZ4g2Ckzksd1ymzsIEbo4=
go.opentelemetry.io/otel/log v0.19.0/go.mod h1:5DQYeGmxVIr4n0/BcJvF4upsraHjg6vudJJpnkL6Ipk=
go.opentelemetry.io/otel/metric v1.43.0 h1:d7638QeInOnuwOONPp4JAOGfbCEpYb+K6DVWvdxGzgM=
go.opentelemetry.io/otel/metric v1.43.0/go.mod h1:RDnPtIxvqlgO8GRW18W6Z/4P462ldprJtfxHxyKd2PY=
go.opentelemetry.io/otel/sdk v1.43.0 h1:pi5mE86i5rTeLXqoF/hhiBtUNcrAGHLKQdhg4h4V9Dg=
go.opentelemetry.io/otel/sdk v1.43.0/go.mod h1:P+IkVU3iWukmiit/Yf9AWvpyRDlUeBaRg6Y+C58QHzg=
go.opentelemetry.io/otel/sdk/log v0.19.0 h1:scYVLqT22D2gqXItnWiocLUKGH9yvkkeql5dBDiXyko=
go.opentelemetry.io/otel/sdk/log v0.19.0/go.mod h1:vFBowwXGLlW9AvpuF7bMgnNI95LiW10szrOdvzBHlAg=
go.opentelemetry.io/otel/sdk/log/logtest v0.19.0 h1:BEbF7ZBB6qQloV/Ub1+3NQoOUnVtcGkU3XX4Ws3GQfk=
go.opentelemetry.io/otel/sdk/log/logtest v0.19.0/go.mod h1:Lua81/3yM0wOmoHTokLj9y9ADeA02v1naRrVrkAZuKk=
go.opentelemetry.io/otel/sdk/metric v1.43.0 h1:S88dyqXjJkuBNLeMcVPRFXpRw2fuwdvfCGLEo89fDkw=
go.opentelemetry.io/otel/sdk/metric v1.43.0/go.mod h1:C/RJtwSEJ5hzTiUz5pXF1kILHStzb9zFlIEe85bhj6A=
go.opentelemetry.io/otel/trace v1.43.0 h1:BkNrHpup+4k4w+ZZ86CZoHHEkohws8AY+WTX09nk+3A=
go.opentelemetry.io/otel/trace v1.43.0/go.mod h1:/QJhyVBUUswCphDVxq+8mld+AvhXZLhe+8WVFxiFff0=
go.opentelemetry.io/proto/otlp v1.10.0 h1:IQRWgT5srOCYfiWnpqUYz9CVmbO8bFmKcwYxpuCSL2g=
go.opentelemetry.io/proto/otlp v1.10.0/go.mod h1:/CV4QoCR/S9yaPj8utp3lvQPoqMtxXdzn7ozvvozVqk=
go.uber.org/goleak v1.3.0 h1:2K3zAYmnTNqV73imy9J1T3WC+gmCePx2hEGkimedGto=
go.uber.org/goleak v1.3.0/go.mod h1:CoHD4mav9JJNrW/WLlf7HGZPjdw8EucARQHekz1X6bE=
go.uber.org/multierr v1.11.0 h1:blXXJkSxSSfBVBlC76pxqeO+LN3aDfLQo+309xJstO0=
go.uber.org/multierr v1.11.0/go.mod h1:20+QtiLqy0Nd6FdQB9TLXag12DsQkrbs3htMFfDN80Y=
go.uber.org/zap v1.27.1 h1:08RqriUEv8+ArZRYSTXy1LeBScaMpVSTBhCeaZYfMYc=
go.uber.org/zap v1.27.1/go.mod h1:GB2qFLM7cTU87MWRP2mPIjqfIDnGu+VIO4V/SdhGo2E=
go.yaml.in/yaml/v2 v2.4.3 h1:6gvOSjQoTB3vt1l+CU+tSyi/HOjfOjRLJ4YwYZGwRO0=
go.yaml.in/yaml/v2 v2.4.3/go.mod h1:zSxWcmIDjOzPXpjlTTbAsKokqkDNAVtZO0WOMiT90s8=
go.yaml.in/yaml/v3 v3.0.4 h1:tfq32ie2Jv2UxXFdLJdh3jXuOzWiL1fo0bu/FbuKpbc=
go.yaml.in/yaml/v3 v3.0.4/go.mod h1:DhzuOOF2ATzADvBadXxruRBLzYTpT36CKvDb3+aBEFg=
golang.org/x/crypto v0.0.0-20180904163835-0709b304e793/go.mod h1:6SG95UA2DQfeDnfUPMdvaQW0Q7yPrPDi9nlGo2tz2b4=
golang.org/x/crypto v0.0.0-20190308221718-c2843e01d9a2/go.mod h1:djNgcEr1/C05ACkg1iLfiJU5Ep61QUkGW8qpdssI0+w=
golang.org/x/crypto v0.53.0 h1:QZ4Muo8THX6CizN2vPPd5fBGHyogrdK9fG4wLPFUsto=
golang.org/x/crypto v0.53.0/go.mod h1:DNLU434OwVakk9PzuwV8w62mAJpRJL3vsgcfp4Qnsio=
golang.org/x/mod v0.37.0 h1:vF1DjpVEshcIqoEaauuHebaLk1O1forxjxBaVn884JQ=
golang.org/x/mod v0.37.0/go.mod h1:m8S8VeM9r4dzDwjrKO0a1sZP3YjeMamRRlD+fmR2Q/0=
golang.org/x/net v0.0.0-20181114220301-adae6a3d119a/go.mod h1:mL1N/T3taQHkDXs73rZJwtUhF3w3ftmwwsq0BUmARs4=
golang.org/x/net v0.0.0-20190613194153-d28f0bde5980/go.mod h1:z5CRVTTTmAJ677TzLLGU+0bjPO0LkuOLi4/5GtJWs/s=
golang.org/x/net v0.56.0 h1:Rw8j/hFzGvJUZwNBXnAtf5sVDVt+65SK2C7IxCxZt5o=
golang.org/x/net v0.56.0/go.mod h1:D3Ku6r+V6JROoZK144D2XfMHFcMq/0zSfLelVTCFKec=
golang.org/x/oauth2 v0.36.0 h1:peZ/1z27fi9hUOFCAZaHyrpWG5lwe0RJEEEeH0ThlIs=
golang.org/x/oauth2 v0.36.0/go.mod h1:YDBUJMTkDnJS+A4BP4eZBjCqtokkg1hODuPjwiGPO7Q=
golang.org/x/sync v0.0.0-20181108010431-42b317875d0f/go.mod h1:RxMgew5VJxzue5/jJTE5uejpjVlOe/izrB70Jof72aM=
golang.org/x/sync v0.0.0-20181221193216-37e7f081c4d4/go.mod h1:RxMgew5VJxzue5/jJTE5uejpjVlOe/izrB70Jof72aM=
golang.org/x/sync v0.21.0 h1:HLII4xRRTtCRkxYp4HNFF0Js/Og6q2i++KXbg0gHCwM=
golang.org/x/sync v0.21.0/go.mod h1:9xrNwdLfx4jkKbNva9FpL6vEN7evnE43NNNJQ2LF3+0=
golang.org/x/sys v0.0.0-20180905080454-ebe1bf3edb33/go.mod h1:STP8DvDyc/dI5b8T5hshtkjS+E42TnysNCUPdjciGhY=
golang.org/x/sys v0.0.0-20181116152217-5ac8a444bdc5/go.mod h1:STP8DvDyc/dI5b8T5hshtkjS+E42TnysNCUPdjciGhY=
golang.org/x/sys v0.0.0-20190215142949-d0b11bdaac8a/go.mod h1:STP8DvDyc/dI5b8T5hshtkjS+E42TnysNCUPdjciGhY=
golang.org/x/sys v0.0.0-20190801041406-cbf593c0f2f3/go.mod h1:h1NjWce9XRLGQEsW7wpKNCjG9DtNlClVuFLEZdDNbEs=
golang.org/x/sys v0.0.0-20191026070338-33540a1f6037/go.mod h1:h1NjWce9XRLGQEsW7wpKNCjG9DtNlClVuFLEZdDNbEs=
golang.org/x/sys v0.0.0-20210616094352-59db8d763f22/go.mod h1:oPkhp1MJrh7nUepCBck5+mAzfO9JrbApNNgaTdGDITg=
golang.org/x/sys v0.6.0/go.mod h1:oPkhp1MJrh7nUepCBck5+mAzfO9JrbApNNgaTdGDITg=
golang.org/x/sys v0.46.0 h1:noSf2Fq6F8DBgS+LysIkx7rIExoNHJsxOAtPp4rthXw=
golang.org/x/sys v0.46.0/go.mod h1:4GL1E5IUh+htKOUEOaiffhrAeqysfVGipDYzABqnCmw=
golang.org/x/term v0.44.0 h1:0rLvDRCtNj0gZkyIXhCyOb2OAzEhLVqc4B+hrsBhrmc=
golang.org/x/term v0.44.0/go.mod h1:7ze4MdzUzLXpSAoFP1H0bOI9aXDqveSvatT5vKcFh2Y=
golang.org/x/text v0.3.0/go.mod h1:NqM8EUOU14njkJ3fqMW+pc6Ldnwhi/IjpwHt7yyuwOQ=
golang.org/x/text v0.38.0 h1:sXmwo9DwP3OK9EZ7PqAdaooSGozfl/3a6/xJcbzPRhE=
golang.org/x/text v0.38.0/go.mod h1:YXZt3QhHUKYT53r2lLKFIVi6Ao1jdzrTR/KQ09qyxF4=
golang.org/x/time v0.15.0 h1:bbrp8t3bGUeFOx08pvsMYRTCVSMk89u4tKbNOZbp88U=
golang.org/x/time v0.15.0/go.mod h1:Y4YMaQmXwGQZoFaVFk4YpCt4FLQMYKZe9oeV/f4MSno=
golang.org/x/tools v0.46.0 h1:7jTurBkPZu4moS/Uy4OQT1M+QBlsj3wejyZwsT8Z7rk=
golang.org/x/tools v0.46.0/go.mod h1:FrD85F8l+NWL+9XWBSyVSHO6Ne4jutsfIFba7AWQ5Ys=
gomodules.xyz/jsonpatch/v2 v2.5.0 h1:JELs8RLM12qJGXU4u/TO3V25KW8GreMKl9pdkk14RM0=
gomodules.xyz/jsonpatch/v2 v2.5.0/go.mod h1:AH3dM2RI6uoBZxn3LVrfvJ3E0/9dG4cSrbuBJT4moAY=
gonum.org/v1/gonum v0.17.0 h1:VbpOemQlsSMrYmn7T2OUvQ4dqxQXU+ouZFQsZOx50z4=
gonum.org/v1/gonum v0.17.0/go.mod h1:El3tOrEuMpv2UdMrbNlKEh9vd86bmQ6vqIcDwxEOc1E=
google.golang.org/genproto/googleapis/api v0.0.0-20260401024825-9d38bb4040a9 h1:VPWxll4HlMw1Vs/qXtN7BvhZqsS9cdAittCNvVENElA=
google.golang.org/genproto/googleapis/api v0.0.0-20260401024825-9d38bb4040a9/go.mod h1:7QBABkRtR8z+TEnmXTqIqwJLlzrZKVfAUm7tY3yGv0M=
google.golang.org/genproto/googleapis/rpc v0.0.0-20260401024825-9d38bb4040a9 h1:m8qni9SQFH0tJc1X0vmnpw/0t+AImlSvp30sEupozUg=
google.golang.org/genproto/googleapis/rpc v0.0.0-20260401024825-9d38bb4040a9/go.mod h1:4Hqkh8ycfw05ld/3BWL7rJOSfebL2Q+DVDeRgYgxUU8=
google.golang.org/grpc v1.80.0 h1:Xr6m2WmWZLETvUNvIUmeD5OAagMw3FiKmMlTdViWsHM=
google.golang.org/grpc v1.80.0/go.mod h1:ho/dLnxwi3EDJA4Zghp7k2Ec1+c2jqup0bFkw07bwF4=
google.golang.org/protobuf v1.36.12-0.20260120151049-f2248ac996af h1:+5/Sw3GsDNlEmu7TfklWKPdQ0Ykja5VEmq2i817+jbI=
google.golang.org/protobuf v1.36.12-0.20260120151049-f2248ac996af/go.mod h1:HTf+CrKn2C3g5S8VImy6tdcUvCska2kB7j23XfzDpco=
gopkg.in/alecthomas/kingpin.v2 v2.2.6/go.mod h1:FMv+mEhP44yOT+4EoQTLFTRgOQ1FBLkstjWtayDeSgw=
gopkg.in/check.v1 v0.0.0-20161208181325-20d25e280405/go.mod h1:Co6ibVJAznAaIkqp8huTwlJQCZ016jof/cbN4VW5Yz0=
gopkg.in/check.v1 v1.0.0-20190902080502-41f04d3bba15/go.mod h1:Co6ibVJAznAaIkqp8huTwlJQCZ016jof/cbN4VW5Yz0=
gopkg.in/check.v1 v1.0.0-20201130134442-10cb98267c6c h1:Hei/4ADfdWqJk1ZMxUNpqntNwaWcugrBjAiHlqqRiVk=
gopkg.in/check.v1 v1.0.0-20201130134442-10cb98267c6c/go.mod h1:JHkPIbrfpd72SG/EVd6muEfDQjcINNoR0C8j2r3qZ4Q=
gopkg.in/evanphx/json-patch.v4 v4.13.0 h1:czT3CmqEaQ1aanPc5SdlgQrrEIb8w/wwCvWWnfEbYzo=
gopkg.in/evanphx/json-patch.v4 v4.13.0/go.mod h1:p8EYWUEYMpynmqDbY58zCKCFZw8pRWMG4EsWvDvM72M=
gopkg.in/inf.v0 v0.9.1 h1:73M5CoZyi3ZLMOyDlQh031Cx6N9NDJ2Vvfl76EDAgDc=
gopkg.in/inf.v0 v0.9.1/go.mod h1:cWUDdTG/fYaXco+Dcufb5Vnc6Gp2YChqWtbxRZE0mXw=
gopkg.in/yaml.v2 v2.2.1/go.mod h1:hI93XBmqTisBFMUTm0b8Fm+jr3Dg1NNxqwp+5A1VGuI=
gopkg.in/yaml.v2 v2.2.2/go.mod h1:hI93XBmqTisBFMUTm0b8Fm+jr3Dg1NNxqwp+5A1VGuI=
gopkg.in/yaml.v2 v2.4.0 h1:D8xgwECY7CYvx+Y2n4sBz93Jn9JRvxdiyyo8CTfuKaY=
gopkg.in/yaml.v2 v2.4.0/go.mod h1:RDklbk79AGWmwhnvt/jBztapEOGDOx6ZbXqjP6csGnQ=
gopkg.in/yaml.v3 v3.0.0-20200313102051-9f266ea9e77c/go.mod h1:K4uyk7z7BCEPqu6E+C64Yfv1cQ7kz7rIZviUmN+EgEM=
gopkg.in/yaml.v3 v3.0.1 h1:fxVm/GzAzEWqLHuvctI91KS9hhNmmWOoWu0XTYJS7CA=
gopkg.in/yaml.v3 v3.0.1/go.mod h1:K4uyk7z7BCEPqu6E+C64Yfv1cQ7kz7rIZviUmN+EgEM=
gotest.tools/v3 v3.5.2 h1:7koQfIKdy+I8UTetycgUqXWSDwpgv193Ka+qRsmBY8Q=
gotest.tools/v3 v3.5.2/go.mod h1:LtdLGcnqToBH83WByAAi/wiwSFCArdFIUV/xxN4pcjA=
k8s.io/api v0.36.2 h1:TF6YDLIzKfccK7cq9YpTcGX8TJmEkHVRv78DM51fRYY=
k8s.io/api v0.36.2/go.mod h1:F4LbMO4brjZYh7yFkXWhynSvtB7YauxV4c+HHkNRGNg=
k8s.io/apiextensions-apiserver v0.36.2 h1:3O5gqOj/dt2XWWbpMe+TXWpE9yU6pjM/tXxtHHJT/K4=
k8s.io/apiextensions-apiserver v0.36.2/go.mod h1:cL1tBWe8XSaP1H30iWKGo7hf6iAUUUJPEU70dskmAnA=
k8s.io/apimachinery v0.36.2 h1:0PE/W/WNy1UX61NLbXY5TMbJ6UwLL6E6lAPkYrKFxbQ=
k8s.io/apimachinery v0.36.2/go.mod h1:fvf/HOLXq9RId0rnDIbN1OEBvHXdQbLMM8nu0LcBUf4=
k8s.io/cli-runtime v0.36.2 h1:CconTvEeV4DJs4ZX3HQKCFbFRGsm6OtuBM9yjmMP2VM=
k8s.io/cli-runtime v0.36.2/go.mod h1:LddcjiMf4YlnHO7c1Y7rEtDqL84FyiYVLco7V679GUU=
k8s.io/client-go v0.36.2 h1:bfgxmFKc9CgqsgX4xKLAAdmTQlWee7Ob/HlDOrJ5TBI=
k8s.io/client-go v0.36.2/go.mod h1:1vgO4OAlfPnoLcb+Rze2GF5rAr14w8qjrYMoyXJzQj0=
k8s.io/component-base v0.36.2 h1:Z0VH80O7Ng0HDZnZj3WRR3urEGa0kTwmO8CwEwjVK1w=
k8s.io/component-base v0.36.2/go.mod h1:mGfFOA7Gwpdm1VW2cwSQYbiDIlz8GD2WGwH88QSeCyA=
k8s.io/klog/v2 v2.140.0 h1:Tf+J3AH7xnUzZyVVXhTgGhEKnFqye14aadWv7bzXdzc=
k8s.io/klog/v2 v2.140.0/go.mod h1:o+/RWfJ6PwpnFn7OyAG3QnO47BFsymfEfrz6XyYSSp0=
k8s.io/kube-openapi v0.0.0-20260317180543-43fb72c5454a h1:xCeOEAOoGYl2jnJoHkC3hkbPJgdATINPMAxaynU2Ovg=
k8s.io/kube-openapi v0.0.0-20260317180543-43fb72c5454a/go.mod h1:uGBT7iTA6c6MvqUvSXIaYZo9ukscABYi2btjhvgKGZ0=
k8s.io/kubectl v0.36.2 h1:rpUGGpeL09XVOLep2yle5jrtk//JA1L6ZHfkQQtVEwk=
k8s.io/kubectl v0.36.2/go.mod h1:gVbQ3B/yb4bSR2ggQ7rd0W6icUSWs7sduH4e16Vii+0=
k8s.io/utils v0.0.0-20260507154919-ff6756f316d2 h1:wU4tMEhLGgIbLvXQb1cfN+EcM0wf7zC6CPF+C79jroc=
k8s.io/utils v0.0.0-20260507154919-ff6756f316d2/go.mod h1:xDxuJ0whA3d0I4mf/C4ppKHxXynQ+fxnkmQH0vTHnuk=
sigs.k8s.io/controller-runtime v0.24.1 h1:miPEwrmirImAvgME1L9qebGHrOnGJoVmVdtOU9fRfo4=
sigs.k8s.io/controller-runtime v0.24.1/go.mod h1:vFkfY5fGt5xAC/sKb8IBFKgWPNKG9OUG29dR8Y2wImw=
sigs.k8s.io/json v0.0.0-20250730193827-2d320260d730 h1:IpInykpT6ceI+QxKBbEflcR5EXP7sU1kvOlxwZh5txg=
sigs.k8s.io/json v0.0.0-20250730193827-2d320260d730/go.mod h1:mdzfpAEoE6DHQEN0uh9ZbOCuHbLK5wOm7dK4ctXE9Tg=
sigs.k8s.io/kustomize/api v0.21.1 h1:lzqbzvz2CSvsjIUZUBNFKtIMsEw7hVLJp0JeSIVmuJs=
sigs.k8s.io/kustomize/api v0.21.1/go.mod h1:f3wkKByTrgpgltLgySCntrYoq5d3q7aaxveSagwTlwI=
sigs.k8s.io/kustomize/kyaml v0.21.1 h1:IVlbmhC076nf6foyL6Taw4BkrLuEsXUXNpsE+ScX7fI=
sigs.k8s.io/kustomize/kyaml v0.21.1/go.mod h1:hmxADesM3yUN2vbA5z1/YTBnzLJ1dajdqpQonwBL1FQ=
sigs.k8s.io/randfill v1.0.0 h1:JfjMILfT8A6RbawdsK2JXGBR5AQVfd+9TbzrlneTyrU=
sigs.k8s.io/randfill v1.0.0/go.mod h1:XeLlZ/jmk4i1HRopwe7/aU3H5n1zNUcX6TM94b3QxOY=
sigs.k8s.io/structured-merge-diff/v6 v6.3.2 h1:kwVWMx5yS1CrnFWA/2QHyRVJ8jM6dBA80uLmm0wJkk8=
sigs.k8s.io/structured-merge-diff/v6 v6.3.2/go.mod h1:M3W8sfWvn2HhQDIbGWj3S099YozAsymCo/wrT5ohRUE=
sigs.k8s.io/yaml v1.6.0 h1:G8fkbMSAFqgEFgh4b1wmtzDnioxFCUgTZhlbj5P9QYs=
sigs.k8s.io/yaml v1.6.0/go.mod h1:796bPqUfzR/0jLAl6XjHl3Ck7MiyVv8dbTdyT3/pMf4=
